PODS:
  - device_info_plus (0.0.1):
    - Flutter
  - Flutter (1.0.0)
  - flutter_custom_tabs_ios (2.5.0):
    - Flutter
  - flutter_native_splash (2.4.3):
    - Flutter
  - irondash_engine_context (0.0.1):
    - Flutter
  - listen_sharing_intent (1.9.2):
    - Flutter
  - package_info_plus (0.4.5):
    - Flutter
  - Sentry/HybridSDK (8.58.0)
  - sentry_flutter (9.15.0):
    - Flutter
    - FlutterMacOS
    - Sentry/HybridSDK (= 8.58.0)
  - share_plus (0.0.1):
    - Flutter
  - shared_preferences_foundation (0.0.1):
    - Flutter
    - FlutterMacOS
  - super_native_extensions (0.0.1):
    - Flutter
  - url_launcher_ios (0.0.1):
    - Flutter
  - webview_flutter_wkwebview (0.0.1):
    - Flutter
    - FlutterMacOS

DEPENDENCIES:
  - device_info_plus (from `.symlinks/plugins/device_info_plus/ios`)
  - Flutter (from `Flutter`)
  - flutter_custom_tabs_ios (from `.symlinks/plugins/flutter_custom_tabs_ios/ios`)
  - flutter_native_splash (from `.symlinks/plugins/flutter_native_splash/ios`)
  - irondash_engine_context (from `.symlinks/plugins/irondash_engine_context/ios`)
  - listen_sharing_intent (from `.symlinks/plugins/listen_sharing_intent/ios`)
  - package_info_plus (from `.symlinks/plugins/package_info_plus/ios`)
  - sentry_flutter (from `.symlinks/plugins/sentry_flutter/ios`)
  - share_plus (from `.symlinks/plugins/share_plus/ios`)
  - shared_preferences_foundation (from `.symlinks/plugins/shared_preferences_foundation/darwin`)
  - super_native_extensions (from `.symlinks/plugins/super_native_extensions/ios`)
  - url_launcher_ios (from `.symlinks/plugins/url_launcher_ios/ios`)
  - webview_flutter_wkwebview (from `.symlinks/plugins/webview_flutter_wkwebview/darwin`)

SPEC REPOS:
  trunk:
    - Sentry

EXTERNAL SOURCES:
  device_info_plus:
    :path: ".symlinks/plugins/device_info_plus/ios"
  Flutter:
    :path: Flutter
  flutter_custom_tabs_ios:
    :path: ".symlinks/plugins/flutter_custom_tabs_ios/ios"
  flutter_native_splash:
    :path: ".symlinks/plugins/flutter_native_splash/ios"
  irondash_engine_context:
    :path: ".symlinks/plugins/irondash_engine_context/ios"
  listen_sharing_intent:
    :path: ".symlinks/plugins/listen_sharing_intent/ios"
  package_info_plus:
    :path: ".symlinks/plugins/package_info_plus/ios"
  sentry_flutter:
    :path: ".symlinks/plugins/sentry_flutter/ios"
  share_plus:
    :path: ".symlinks/plugins/share_plus/ios"
  shared_preferences_foundation:
    :path: ".symlinks/plugins/shared_preferences_foundation/darwin"
  super_native_extensions:
    :path: ".symlinks/plugins/super_native_extensions/ios"
  url_launcher_ios:
    :path: ".symlinks/plugins/url_launcher_ios/ios"
  webview_flutter_wkwebview:
    :path: ".symlinks/plugins/webview_flutter_wkwebview/darwin"

SPEC CHECKSUMS:
  device_info_plus: bf2e3232933866d73fe290f2942f2156cdd10342
  Flutter: cabc95a1d2626b1b06e7179b784ebcf0c0cde467
  flutter_custom_tabs_ios: 706423b5f8773208a87b2e5a5ba757a899ed7cbd
  flutter_native_splash: df59bb2e1421aa0282cb2e95618af4dcb0c56c29
  irondash_engine_context: 3458bf979b90d616ffb8ae03a150bafe2e860cc9
  listen_sharing_intent: 74a842adcbcf7bedf7bbc938c749da9155141b9a
  package_info_plus: c0502532a26c7662a62a356cebe2692ec5fe4ec4
  Sentry: d587a8fe91ca13503ecd69a1905f3e8a0fcf61be
  sentry_flutter: d17e659e7ca47f9a40d65c93605f85b7346ece89
  share_plus: 8b6f8b3447e494cca5317c8c3073de39b3600d1f
  shared_preferences_foundation: 5086985c1d43c5ba4d5e69a4e8083a389e2909e6
  super_native_extensions: 4916b3c627a9c7fffdc48a23a9eca0b1ac228fa7
  url_launcher_ios: bb13df5870e8c4234ca12609d04010a21be43dfa
  webview_flutter_wkwebview: 29eb20d43355b48fe7d07113835b9128f84e3af4

PODFILE CHECKSUM: f4a1a94f7b997c60f34f5ec510acd4c2ebcd8b70

COCOAPODS: 1.16.2
